
Microsoft Visual Studio Solution File, Format Version 12.00
# Visual Studio Version 17
VisualStudioVersion = 17.5.33414.496
MinimumVisualStudioVersion = 10.0.40219.1
Project("{9A19103F-16F7-4668-BE54-9A1E7A4F7556}") = "BookShop.CMD", "BookShop\BookShop.CMD.csproj", "{12FBE34E-98E3-4C31-9463-8C0DD51EEFEA}"
EndProject
Project("{9A19103F-16F7-4668-BE54-9A1E7A4F7556}") = "BookShop.BL", "BookShop.BL\BookShop.BL.csproj", "{1ABEE59A-F183-49C9-B578-D970C06410BD}"
EndProject
Project("{FAE04EC0-301F-11D3-BF4B-00C04F79EFBC}") = "BookShop.BLTests", "BookShop.BLTests\BookShop.BLTests.csproj", "{E95F989B-E2DD-49AE-9691-EAFB6143D548}"
EndProject
Global
	GlobalSection(SolutionConfigurationPlatforms) = preSolution
		Debug|Any CPU = Debug|Any CPU
		Release|Any CPU = Release|Any CPU
	EndGlobalSection
	GlobalSection(ProjectConfigurationPlatforms) = postSolution
		{12FBE34E-98E3-4C31-9463-8C0DD51EEFEA}.Debug|Any CPU.ActiveCfg = Debug|Any CPU
		{12FBE34E-98E3-4C31-9463-8C0DD51EEFEA}.Debug|Any CPU.Build.0 = Debug|Any CPU
		{12FBE34E-98E3-4C31-9463-8C0DD51EEFEA}.Release|Any CPU.ActiveCfg = Release|Any CPU
		{12FBE34E-98E3-4C31-9463-8C0DD51EEFEA}.Release|Any CPU.Build.0 = Release|Any CPU
		{1ABEE59A-F183-49C9-B578-D970C06410BD}.Debug|Any CPU.ActiveCfg = Debug|Any CPU
		{1ABEE59A-F183-49C9-B578-D970C06410BD}.Debug|Any CPU.Build.0 = Debug|Any CPU
		{1ABEE59A-F183-49C9-B578-D970C06410BD}.Release|Any CPU.ActiveCfg = Release|Any CPU
		{1ABEE59A-F183-49C9-B578-D970C06410BD}.Release|Any CPU.Build.0 = Release|Any CPU
		{E95F989B-E2DD-49AE-9691-EAFB6143D548}.Debug|Any CPU.ActiveCfg = Debug|Any CPU
		{E95F989B-E2DD-49AE-9691-EAFB6143D548}.Debug|Any CPU.Build.0 = Debug|Any CPU
		{E95F989B-E2DD-49AE-9691-EAFB6143D548}.Release|Any CPU.ActiveCfg = Release|Any CPU
		{E95F989B-E2DD-49AE-9691-EAFB6143D548}.Release|Any CPU.Build.0 = Release|Any CPU
	EndGlobalSection
	GlobalSection(SolutionProperties) = preSolution
		HideSolutionNode = FALSE
	EndGlobalSection
	GlobalSection(ExtensibilityGlobals) = postSolution
		SolutionGuid = {0B819626-9549-4BD9-BADB-5D0A36F2B544}
	EndGlobalSection
EndGlobal
